
Microsoft Visual Studio Solution File, Format Version 12.00
# Visual Studio Version 17
VisualStudioVersion = 17.1.32210.238
MinimumVisualStudioVersion = 10.0.40219.1
Project("{FAE04EC0-301F-11D3-BF4B-00C04F79EFBC}") = "AirTickets", "AirTickets\AirTickets.csproj", "{7EA0EE60-71F9-44D4-9525-9E26FC798480}"
EndProject
Global
	GlobalSection(SolutionConfigurationPlatforms) = preSolution
		Debug|Any CPU = Debug|Any CPU
		Release|Any CPU = Release|Any CPU
	EndGlobalSection
	GlobalSection(ProjectConfigurationPlatforms) = postSolution
		{7EA0EE60-71F9-44D4-9525-9E26FC798480}.Debug|Any CPU.ActiveCfg = Debug|Any CPU
		{7EA0EE60-71F9-44D4-9525-9E26FC798480}.Debug|Any CPU.Build.0 = Debug|Any CPU
		{7EA0EE60-71F9-44D4-9525-9E26FC798480}.Release|Any CPU.ActiveCfg = Release|Any CPU
		{7EA0EE60-71F9-44D4-9525-9E26FC798480}.Release|Any CPU.Build.0 = Release|Any CPU
	EndGlobalSection
	GlobalSection(SolutionProperties) = preSolution
		HideSolutionNode = FALSE
	EndGlobalSection
	GlobalSection(ExtensibilityGlobals) = postSolution
		SolutionGuid = {06B64EDF-AA77-4512-8AF0-42660F10050D}
	EndGlobalSection
EndGlobal
